("quicklisp" .
 (:class qlot/source/dist:source-dist
  :initargs (:distribution "https://beta.quicklisp.org/dist/quicklisp.txt" :%version :latest)
  :version "2026-01-01"))
("ns" .
 (:class qlot/source/github:source-github
  :initargs (:repos "denzuko/ns" :ref nil :branch nil :tag nil)
  :version "github-43298163d15ba4af50fbf39dc9115c6faeaad76d"))
