("quicklisp" .
 (:class qlot/source/dist:source-dist
  :initargs (:distribution "https://beta.quicklisp.org/dist/quicklisp.txt" :%version :latest)
  :version "2026-01-01"))
("ns" .
 (:class qlot/source/github:source-github
  :initargs (:repos "denzuko/ns" :ref nil :branch nil :tag nil)
  :version "github-2c073fd9286aee75a74bcc28c6a0dbf4b2f48838"))
